version = 1
revision = 2
requires-python = "==3.12.*"

[[package]]
name = "annotated-types"
version = "0.7.0"
source = { registry = "https://pypi.org/simple" }
sdist = { url = "https://files.pythonhosted.org/packages/ee/67/531ea369ba64dcff5ec9c3402f9f51bf748cec26dde048a2f973a4eea7f5/annotated_types-0.7.0.tar.gz", hash = "sha256:aff07c09a53a08bc8cfccb9c85b05f1aa9a2a6f23728d790723543408344ce89", size = 16081, upload-time = "2024-05-20T21:33:25.928Z" }
wheels = [
    { url = "https://files.pythonhosted.org/packages/78/b6/6307fbef88d9b5ee7421e68d78a9f162e0da4900bc5f5793f6d3d0e34fb8/annotated_types-0.7.0-py3-none-any.whl", hash = "sha256:1f02e8b43a8fbbc3f3e0d4f0f4bfc8131bcb4eebe8849b8e5c773f3a1c582a53", size = 13643, upload-time = "2024-05-20T21:33:24.1Z" },
]

[[package]]
name = "colorama"
version = "0.4.6"
source = { registry = "https://pypi.org/simple" }
sdist = { url = "https://files.pythonhosted.org/packages/d8/53/6f443c9a4a8358a93a6792e2acffb9d9d5cb0a5cfd8802644b7b1c9a02e4/colorama-0.4.6.tar.gz", hash = "sha256:08695f5cb7ed6e0531a20572697297273c47b8cae5a63ffc6d6ed5c201be6e44", size = 27697, upload-time = "2022-10-25T02:36:22.414Z" }
wheels = [
    { url = "https://files.pythonhosted.org/packages/d1/d6/3965ed04c63042e047cb6a3e6ed1a63a35087b6a609aa3a15ed8ac56c221/colorama-0.4.6-py2.py3-none-any.whl", hash = "sha256:4f1d9991f5acc0ca119f9d443620b77f9d6b33703e51011c16baf57afb285fc6", size = 25335, upload-time = "2022-10-25T02:36:20.889Z" },
]

[[package]]
name = "coverage"
version = "7.9.2"
source = { registry = "https://pypi.org/simple" }
sdist = { url = "https://files.pythonhosted.org/packages/04/b7/c0465ca253df10a9e8dae0692a4ae6e9726d245390aaef92360e1d6d3832/coverage-7.9.2.tar.gz", hash = "sha256:997024fa51e3290264ffd7492ec97d0690293ccd2b45a6cd7d82d945a4a80c8b", size = 813556, upload-time = "2025-07-03T10:54:15.101Z" }
wheels = [
    { url = "https://files.pythonhosted.org/packages/53/d7/7deefc6fd4f0f1d4c58051f4004e366afc9e7ab60217ac393f247a1de70a/coverage-7.9.2-cp312-cp312-macosx_10_13_x86_64.whl", hash = "sha256:ae9eb07f1cfacd9cfe8eaee6f4ff4b8a289a668c39c165cd0c8548484920ffc0", size = 212344, upload-time = "2025-07-03T10:53:09.3Z" },
    { url = "https://files.pythonhosted.org/packages/95/0c/ee03c95d32be4d519e6a02e601267769ce2e9a91fc8faa1b540e3626c680/coverage-7.9.2-cp312-cp312-macosx_11_0_arm64.whl", hash = "sha256:9ce85551f9a1119f02adc46d3014b5ee3f765deac166acf20dbb851ceb79b6f3", size = 212580, upload-time = "2025-07-03T10:53:11.52Z" },
    { url = "https://files.pythonhosted.org/packages/8b/9f/826fa4b544b27620086211b87a52ca67592622e1f3af9e0a62c87aea153a/coverage-7.9.2-cp312-cp312-manylinux_2_17_aarch64.manylinux2014_aarch64.whl", hash = "sha256:f8f6389ac977c5fb322e0e38885fbbf901743f79d47f50db706e7644dcdcb6e1", size = 246383, upload-time = "2025-07-03T10:53:13.134Z" },
    { url = "https://files.pythonhosted.org/packages/7f/b3/4477aafe2a546427b58b9c540665feff874f4db651f4d3cb21b308b3a6d2/coverage-7.9.2-cp312-cp312-manylinux_2_5_i686.manylinux1_i686.manylinux_2_17_i686.manylinux2014_i686.whl", hash = "sha256:ff0d9eae8cdfcd58fe7893b88993723583a6ce4dfbfd9f29e001922544f95615", size = 243400, upload-time = "2025-07-03T10:53:14.614Z" },
    { url = "https://files.pythonhosted.org/packages/f8/c2/efffa43778490c226d9d434827702f2dfbc8041d79101a795f11cbb2cf1e/coverage-7.9.2-cp312-cp312-manylinux_2_5_x86_64.manylinux1_x86_64.manylinux_2_17_x86_64.manylinux2014_x86_64.whl", hash = "sha256:fae939811e14e53ed8a9818dad51d434a41ee09df9305663735f2e2d2d7d959b", size = 245591, upload-time = "2025-07-03T10:53:15.872Z" },
    { url = "https://files.pythonhosted.org/packages/c6/e7/a59888e882c9a5f0192d8627a30ae57910d5d449c80229b55e7643c078c4/coverage-7.9.2-cp312-cp312-musllinux_1_2_aarch64.whl", hash = "sha256:31991156251ec202c798501e0a42bbdf2169dcb0f137b1f5c0f4267f3fc68ef9", size = 245402, upload-time = "2025-07-03T10:53:17.124Z" },
    { url = "https://files.pythonhosted.org/packages/92/a5/72fcd653ae3d214927edc100ce67440ed8a0a1e3576b8d5e6d066ed239db/coverage-7.9.2-cp312-cp312-musllinux_1_2_i686.whl", hash = "sha256:d0d67963f9cbfc7c7f96d4ac74ed60ecbebd2ea6eeb51887af0f8dce205e545f", size = 243583, upload-time = "2025-07-03T10:53:18.781Z" },
    { url = "https://files.pythonhosted.org/packages/5c/f5/84e70e4df28f4a131d580d7d510aa1ffd95037293da66fd20d446090a13b/coverage-7.9.2-cp312-cp312-musllinux_1_2_x86_64.whl", hash = "sha256:49b752a2858b10580969ec6af6f090a9a440a64a301ac1528d7ca5f7ed497f4d", size = 244815, upload-time = "2025-07-03T10:53:20.168Z" },
    { url = "https://files.pythonhosted.org/packages/39/e7/d73d7cbdbd09fdcf4642655ae843ad403d9cbda55d725721965f3580a314/coverage-7.9.2-cp312-cp312-win32.whl", hash = "sha256:88d7598b8ee130f32f8a43198ee02edd16d7f77692fa056cb779616bbea1b355", size = 214719, upload-time = "2025-07-03T10:53:21.521Z" },
    { url = "https://files.pythonhosted.org/packages/9f/d6/7486dcc3474e2e6ad26a2af2db7e7c162ccd889c4c68fa14ea8ec189c9e9/coverage-7.9.2-cp312-cp312-win_amd64.whl", hash = "sha256:9dfb070f830739ee49d7c83e4941cc767e503e4394fdecb3b54bfdac1d7662c0", size = 215509, upload-time = "2025-07-03T10:53:22.853Z" },
    { url = "https://files.pythonhosted.org/packages/b7/34/0439f1ae2593b0346164d907cdf96a529b40b7721a45fdcf8b03c95fcd90/coverage-7.9.2-cp312-cp312-win_arm64.whl", hash = "sha256:4e2c058aef613e79df00e86b6d42a641c877211384ce5bd07585ed7ba71ab31b", size = 213910, upload-time = "2025-07-03T10:53:24.472Z" },
    { url = "https://files.pythonhosted.org/packages/3c/38/bbe2e63902847cf79036ecc75550d0698af31c91c7575352eb25190d0fb3/coverage-7.9.2-py3-none-any.whl", hash = "sha256:e425cd5b00f6fc0ed7cdbd766c70be8baab4b7839e4d4fe5fac48581dd968ea4", size = 204005, upload-time = "2025-07-03T10:54:13.491Z" },
]

[[package]]
name = "er-aws-kms"
version = "0.3.0"
source = { editable = "." }
dependencies = [
    { name = "external-resources-io" },
    { name = "pydantic" },
]

[package.dev-dependencies]
dev = [
    { name = "mypy" },
    { name = "pytest" },
    { name = "pytest-cov" },
    { name = "ruff" },
]

[package.metadata]
requires-dist = [
    { name = "external-resources-io", specifier = "==0.6.1" },
    { name = "pydantic", specifier = "==2.10.6" },
]

[package.metadata.requires-dev]
dev = [
    { name = "mypy", specifier = "==1.15.0" },
    { name = "pytest", specifier = "==8.3.5" },
    { name = "pytest-cov", specifier = "==6.0.0" },
    { name = "ruff", specifier = "==0.11.0" },
]

[[package]]
name = "external-resources-io"
version = "0.6.1"
source = { registry = "https://pypi.org/simple" }
dependencies = [
    { name = "pydantic" },
    { name = "pydantic-settings" },
]
sdist = { url = "https://files.pythonhosted.org/packages/9d/d9/74b3671eb2a96a67bb729fe4194ca45e56f25873650a73c2df2ba88fe85b/external_resources_io-0.6.1.tar.gz", hash = "sha256:90d02801c2d8c2b478ac200981b1fae3e45a46e62b3f685006a4bc93e3481459", size = 9050, upload-time = "2025-03-17T01:02:31.001Z" }
wheels = [
    { url = "https://files.pythonhosted.org/packages/89/5a/2996db655a4e88355c6a7ed2997b45ae9c35b93dea24e1949677e0961413/external_resources_io-0.6.1-py3-none-any.whl", hash = "sha256:e2504477f3bab2fa720304702cc65b35fec2b6ef317341389edad0f31f96b899", size = 11734, upload-time = "2025-03-17T01:02:29.817Z" },
]

[[package]]
name = "iniconfig"
version = "2.1.0"
source = { registry = "https://pypi.org/simple" }
sdist = { url = "https://files.pythonhosted.org/packages/f2/97/ebf4da567aa6827c909642694d71c9fcf53e5b504f2d96afea02718862f3/iniconfig-2.1.0.tar.gz", hash = "sha256:3abbd2e30b36733fee78f9c7f7308f2d0050e88f0087fd25c2645f63c773e1c7", size = 4793, upload-time = "2025-03-19T20:09:59.721Z" }
wheels = [
    { url = "https://files.pythonhosted.org/packages/2c/e1/e6716421ea10d38022b952c159d5161ca1193197fb744506875fbb87ea7b/iniconfig-2.1.0-py3-none-any.whl", hash = "sha256:9deba5723312380e77435581c6bf4935c94cbfab9b1ed33ef8d238ea168eb760", size = 6050, upload-time = "2025-03-19T20:10:01.071Z" },
]

[[package]]
name = "mypy"
version = "1.15.0"
source = { registry = "https://pypi.org/simple" }
dependencies = [
    { name = "mypy-extensions" },
    { name = "typing-extensions" },
]
sdist = { url = "https://files.pythonhosted.org/packages/ce/43/d5e49a86afa64bd3839ea0d5b9c7103487007d728e1293f52525d6d5486a/mypy-1.15.0.tar.gz", hash = "sha256:404534629d51d3efea5c800ee7c42b72a6554d6c400e6a79eafe15d11341fd43", size = 3239717, upload-time = "2025-02-05T03:50:34.655Z" }
wheels = [
    { url = "https://files.pythonhosted.org/packages/98/3a/03c74331c5eb8bd025734e04c9840532226775c47a2c39b56a0c8d4f128d/mypy-1.15.0-cp312-cp312-macosx_10_13_x86_64.whl", hash = "sha256:aea39e0583d05124836ea645f412e88a5c7d0fd77a6d694b60d9b6b2d9f184fd", size = 10793981, upload-time = "2025-02-05T03:50:28.25Z" },
    { url = "https://files.pythonhosted.org/packages/f0/1a/41759b18f2cfd568848a37c89030aeb03534411eef981df621d8fad08a1d/mypy-1.15.0-cp312-cp312-macosx_11_0_arm64.whl", hash = "sha256:2f2147ab812b75e5b5499b01ade1f4a81489a147c01585cda36019102538615f", size = 9749175, upload-time = "2025-02-05T03:50:13.411Z" },
    { url = "https://files.pythonhosted.org/packages/12/7e/873481abf1ef112c582db832740f4c11b2bfa510e829d6da29b0ab8c3f9c/mypy-1.15.0-cp312-cp312-manylinux_2_17_aarch64.manylinux2014_aarch64.manylinux_2_28_aarch64.whl", hash = "sha256:ce436f4c6d218a070048ed6a44c0bbb10cd2cc5e272b29e7845f6a2f57ee4464", size = 11455675, upload-time = "2025-02-05T03:50:31.421Z" },
    { url = "https://files.pythonhosted.org/packages/b3/d0/92ae4cde706923a2d3f2d6c39629134063ff64b9dedca9c1388363da072d/mypy-1.15.0-cp312-cp312-manylinux_2_17_x86_64.manylinux2014_x86_64.manylinux_2_28_x86_64.whl", hash = "sha256:8023ff13985661b50a5928fc7a5ca15f3d1affb41e5f0a9952cb68ef090b31ee", size = 12410020, upload-time = "2025-02-05T03:48:48.705Z" },
    { url = "https://files.pythonhosted.org/packages/46/8b/df49974b337cce35f828ba6fda228152d6db45fed4c86ba56ffe442434fd/mypy-1.15.0-cp312-cp312-musllinux_1_2_x86_64.whl", hash = "sha256:1124a18bc11a6a62887e3e137f37f53fbae476dc36c185d549d4f837a2a6a14e", size = 12498582, upload-time = "2025-02-05T03:49:03.628Z" },
    { url = "https://files.pythonhosted.org/packages/13/50/da5203fcf6c53044a0b699939f31075c45ae8a4cadf538a9069b165c1050/mypy-1.15.0-cp312-cp312-win_amd64.whl", hash = "sha256:171a9ca9a40cd1843abeca0e405bc1940cd9b305eaeea2dda769ba096932bb22", size = 9366614, upload-time = "2025-02-05T03:50:00.313Z" },
    { url = "https://files.pythonhosted.org/packages/09/4e/a7d65c7322c510de2c409ff3828b03354a7c43f5a8ed458a7a131b41c7b9/mypy-1.15.0-py3-none-any.whl", hash = "sha256:5469affef548bd1895d86d3bf10ce2b44e33d86923c29e4d675b3e323437ea3e", size = 2221777, upload-time = "2025-02-05T03:50:08.348Z" },
]

[[package]]
name = "mypy-extensions"
version = "1.1.0"
source = { registry = "https://pypi.org/simple" }
sdist = { url = "https://files.pythonhosted.org/packages/a2/6e/371856a3fb9d31ca8dac321cda606860fa4548858c0cc45d9d1d4ca2628b/mypy_extensions-1.1.0.tar.gz", hash = "sha256:52e68efc3284861e772bbcd66823fde5ae21fd2fdb51c62a211403730b916558", size = 6343, upload-time = "2025-04-22T14:54:24.164Z" }
wheels = [
    { url = "https://files.pythonhosted.org/packages/79/7b/2c79738432f5c924bef5071f933bcc9efd0473bac3b4aa584a6f7c1c8df8/mypy_extensions-1.1.0-py3-none-any.whl", hash = "sha256:1be4cccdb0f2482337c4743e60421de3a356cd97508abadd57d47403e94f5505", size = 4963, upload-time = "2025-04-22T14:54:22.983Z" },
]

[[package]]
name = "packaging"
version = "25.0"
source = { registry = "https://pypi.org/simple" }
sdist = { url = "https://files.pythonhosted.org/packages/a1/d4/1fc4078c65507b51b96ca8f8c3ba19e6a61c8253c72794544580a7b6c24d/packaging-25.0.tar.gz", hash = "sha256:d443872c98d677bf60f6a1f2f8c1cb748e8fe762d2bf9d3148b5599295b0fc4f", size = 165727, upload-time = "2025-04-19T11:48:59.673Z" }
wheels = [
    { url = "https://files.pythonhosted.org/packages/20/12/38679034af332785aac8774540895e234f4d07f7545804097de4b666afd8/packaging-25.0-py3-none-any.whl", hash = "sha256:29572ef2b1f17581046b3a2227d5c611fb25ec70ca1ba8554b24b0e69331a484", size = 66469, upload-time = "2025-04-19T11:48:57.875Z" },
]

[[package]]
name = "pluggy"
version = "1.6.0"
source = { registry = "https://pypi.org/simple" }
sdist = { url = "https://files.pythonhosted.org/packages/f9/e2/3e91f31a7d2b083fe6ef3fa267035b518369d9511ffab804f839851d2779/pluggy-1.6.0.tar.gz", hash = "sha256:7dcc130b76258d33b90f61b658791dede3486c3e6bfb003ee5c9bfb396dd22f3", size = 69412, upload-time = "2025-05-15T12:30:07.975Z" }
wheels = [
    { url = "https://files.pythonhosted.org/packages/54/20/4d324d65cc6d9205fabedc306948156824eb9f0ee1633355a8f7ec5c66bf/pluggy-1.6.0-py3-none-any.whl", hash = "sha256:e920276dd6813095e9377c0bc5566d94c932c33b27a3e3945d8389c374dd4746", size = 20538, upload-time = "2025-05-15T12:30:06.134Z" },
]

[[package]]
name = "pydantic"
version = "2.10.6"
source = { registry = "https://pypi.org/simple" }
dependencies = [
    { name = "annotated-types" },
    { name = "pydantic-core" },
    { name = "typing-extensions" },
]
sdist = { url = "https://files.pythonhosted.org/packages/b7/ae/d5220c5c52b158b1de7ca89fc5edb72f304a70a4c540c84c8844bf4008de/pydantic-2.10.6.tar.gz", hash = "sha256:ca5daa827cce33de7a42be142548b0096bf05a7e7b365aebfa5f8eeec7128236", size = 761681, upload-time = "2025-01-24T01:42:12.693Z" }
wheels = [
    { url = "https://files.pythonhosted.org/packages/f4/3c/8cc1cc84deffa6e25d2d0c688ebb80635dfdbf1dbea3e30c541c8cf4d860/pydantic-2.10.6-py3-none-any.whl", hash = "sha256:427d664bf0b8a2b34ff5dd0f5a18df00591adcee7198fbd71981054cef37b584", size = 431696, upload-time = "2025-01-24T01:42:10.371Z" },
]

[[package]]
name = "pydantic-core"
version = "2.27.2"
source = { registry = "https://pypi.org/simple" }
dependencies = [
    { name = "typing-extensions" },
]
sdist = { url = "https://files.pythonhosted.org/packages/fc/01/f3e5ac5e7c25833db5eb555f7b7ab24cd6f8c322d3a3ad2d67a952dc0abc/pydantic_core-2.27.2.tar.gz", hash = "sha256:eb026e5a4c1fee05726072337ff51d1efb6f59090b7da90d30ea58625b1ffb39", size = 413443, upload-time = "2024-12-18T11:31:54.917Z" }
wheels = [
    { url = "https://files.pythonhosted.org/packages/d6/74/51c8a5482ca447871c93e142d9d4a92ead74de6c8dc5e66733e22c9bba89/pydantic_core-2.27.2-cp312-cp312-macosx_10_12_x86_64.whl", hash = "sha256:9e0c8cfefa0ef83b4da9588448b6d8d2a2bf1a53c3f1ae5fca39eb3061e2f0b0", size = 1893127, upload-time = "2024-12-18T11:28:30.346Z" },
    { url = "https://files.pythonhosted.org/packages/d3/f3/c97e80721735868313c58b89d2de85fa80fe8dfeeed84dc51598b92a135e/pydantic_core-2.27.2-cp312-cp312-macosx_11_0_arm64.whl", hash = "sha256:83097677b8e3bd7eaa6775720ec8e0405f1575015a463285a92bfdfe254529ef", size = 1811340, upload-time = "2024-12-18T11:28:32.521Z" },
    { url = "https://files.pythonhosted.org/packages/9e/91/840ec1375e686dbae1bd80a9e46c26a1e0083e1186abc610efa3d9a36180/pydantic_core-2.27.2-cp312-cp312-manylinux_2_17_aarch64.manylinux2014_aarch64.whl", hash = "sha256:172fce187655fece0c90d90a678424b013f8fbb0ca8b036ac266749c09438cb7", size = 1822900, upload-time = "2024-12-18T11:28:34.507Z" },
    { url = "https://files.pythonhosted.org/packages/f6/31/4240bc96025035500c18adc149aa6ffdf1a0062a4b525c932065ceb4d868/pydantic_core-2.27.2-cp312-cp312-manylinux_2_17_armv7l.manylinux2014_armv7l.whl", hash = "sha256:519f29f5213271eeeeb3093f662ba2fd512b91c5f188f3bb7b27bc5973816934", size = 1869177, upload-time = "2024-12-18T11:28:36.488Z" },
    { url = "https://files.pythonhosted.org/packages/fa/20/02fbaadb7808be578317015c462655c317a77a7c8f0ef274bc016a784c54/pydantic_core-2.27.2-cp312-cp312-manylinux_2_17_ppc64le.manylinux2014_ppc64le.whl", hash = "sha256:05e3a55d124407fffba0dd6b0c0cd056d10e983ceb4e5dbd10dda135c31071d6", size = 2038046, upload-time = "2024-12-18T11:28:39.409Z" },
    { url = "https://files.pythonhosted.org/packages/06/86/7f306b904e6c9eccf0668248b3f272090e49c275bc488a7b88b0823444a4/pydantic_core-2.27.2-cp312-cp312-manylinux_2_17_s390x.manylinux2014_s390x.whl", hash = "sha256:9c3ed807c7b91de05e63930188f19e921d1fe90de6b4f5cd43ee7fcc3525cb8c", size = 2685386, upload-time = "2024-12-18T11:28:41.221Z" },
    { url = "https://files.pythonhosted.org/packages/8d/f0/49129b27c43396581a635d8710dae54a791b17dfc50c70164866bbf865e3/pydantic_core-2.27.2-cp312-cp312-manylinux_2_17_x86_64.manylinux2014_x86_64.whl", hash = "sha256:6fb4aadc0b9a0c063206846d603b92030eb6f03069151a625667f982887153e2", size = 1997060, upload-time = "2024-12-18T11:28:44.709Z" },
    { url = "https://files.pythonhosted.org/packages/0d/0f/943b4af7cd416c477fd40b187036c4f89b416a33d3cc0ab7b82708a667aa/pydantic_core-2.27.2-cp312-cp312-manylinux_2_5_i686.manylinux1_i686.whl", hash = "sha256:28ccb213807e037460326424ceb8b5245acb88f32f3d2777427476e1b32c48c4", size = 2004870, upload-time = "2024-12-18T11:28:46.839Z" },
    { url = "https://files.pythonhosted.org/packages/35/40/aea70b5b1a63911c53a4c8117c0a828d6790483f858041f47bab0b779f44/pydantic_core-2.27.2-cp312-cp312-musllinux_1_1_aarch64.whl", hash = "sha256:de3cd1899e2c279b140adde9357c4495ed9d47131b4a4eaff9052f23398076b3", size = 1999822, upload-time = "2024-12-18T11:28:48.896Z" },
    { url = "https://files.pythonhosted.org/packages/f2/b3/807b94fd337d58effc5498fd1a7a4d9d59af4133e83e32ae39a96fddec9d/pydantic_core-2.27.2-cp312-cp312-musllinux_1_1_armv7l.whl", hash = "sha256:220f892729375e2d736b97d0e51466252ad84c51857d4d15f5e9692f9ef12be4", size = 2130364, upload-time = "2024-12-18T11:28:50.755Z" },
    { url = "https://files.pythonhosted.org/packages/fc/df/791c827cd4ee6efd59248dca9369fb35e80a9484462c33c6649a8d02b565/pydantic_core-2.27.2-cp312-cp312-musllinux_1_1_x86_64.whl", hash = "sha256:a0fcd29cd6b4e74fe8ddd2c90330fd8edf2e30cb52acda47f06dd615ae72da57", size = 2158303, upload-time = "2024-12-18T11:28:54.122Z" },
    { url = "https://files.pythonhosted.org/packages/9b/67/4e197c300976af185b7cef4c02203e175fb127e414125916bf1128b639a9/pydantic_core-2.27.2-cp312-cp312-win32.whl", hash = "sha256:1e2cb691ed9834cd6a8be61228471d0a503731abfb42f82458ff27be7b2186fc", size = 1834064, upload-time = "2024-12-18T11:28:56.074Z" },
    { url = "https://files.pythonhosted.org/packages/1f/ea/cd7209a889163b8dcca139fe32b9687dd05249161a3edda62860430457a5/pydantic_core-2.27.2-cp312-cp312-win_amd64.whl", hash = "sha256:cc3f1a99a4f4f9dd1de4fe0312c114e740b5ddead65bb4102884b384c15d8bc9", size = 1989046, upload-time = "2024-12-18T11:28:58.107Z" },
    { url = "https://files.pythonhosted.org/packages/bc/49/c54baab2f4658c26ac633d798dab66b4c3a9bbf47cff5284e9c182f4137a/pydantic_core-2.27.2-cp312-cp312-win_arm64.whl", hash = "sha256:3911ac9284cd8a1792d3cb26a2da18f3ca26c6908cc434a18f730dc0db7bfa3b", size = 1885092, upload-time = "2024-12-18T11:29:01.335Z" },
]

[[package]]
name = "pydantic-settings"
version = "2.10.1"
source = { registry = "https://pypi.org/simple" }
dependencies = [
    { name = "pydantic" },
    { name = "python-dotenv" },
    { name = "typing-inspection" },
]
sdist = { url = "https://files.pythonhosted.org/packages/68/85/1ea668bbab3c50071ca613c6ab30047fb36ab0da1b92fa8f17bbc38fd36c/pydantic_settings-2.10.1.tar.gz", hash = "sha256:06f0062169818d0f5524420a360d632d5857b83cffd4d42fe29597807a1614ee", size = 172583, upload-time = "2025-06-24T13:26:46.841Z" }
wheels = [
    { url = "https://files.pythonhosted.org/packages/58/f0/427018098906416f580e3cf1366d3b1abfb408a0652e9f31600c24a1903c/pydantic_settings-2.10.1-py3-none-any.whl", hash = "sha256:a60952460b99cf661dc25c29c0ef171721f98bfcb52ef8d9ea4c943d7c8cc796", size = 45235, upload-time = "2025-06-24T13:26:45.485Z" },
]

[[package]]
name = "pytest"
version = "8.3.5"
source = { registry = "https://pypi.org/simple" }
dependencies = [
    { name = "colorama", marker = "sys_platform == 'win32'" },
    { name = "iniconfig" },
    { name = "packaging" },
    { name = "pluggy" },
]
sdist = { url = "https://files.pythonhosted.org/packages/ae/3c/c9d525a414d506893f0cd8a8d0de7706446213181570cdbd766691164e40/pytest-8.3.5.tar.gz", hash = "sha256:f4efe70cc14e511565ac476b57c279e12a855b11f48f212af1080ef2263d3845", size = 1450891, upload-time = "2025-03-02T12:54:54.503Z" }
wheels = [
    { url = "https://files.pythonhosted.org/packages/30/3d/64ad57c803f1fa1e963a7946b6e0fea4a70df53c1a7fed304586539c2bac/pytest-8.3.5-py3-none-any.whl", hash = "sha256:c69214aa47deac29fad6c2a4f590b9c4a9fdb16a403176fe154b79c0b4d4d820", size = 343634, upload-time = "2025-03-02T12:54:52.069Z" },
]

[[package]]
name = "pytest-cov"
version = "6.0.0"
source = { registry = "https://pypi.org/simple" }
dependencies = [
    { name = "coverage" },
    { name = "pytest" },
]
sdist = { url = "https://files.pythonhosted.org/packages/be/45/9b538de8cef30e17c7b45ef42f538a94889ed6a16f2387a6c89e73220651/pytest-cov-6.0.0.tar.gz", hash = "sha256:fde0b595ca248bb8e2d76f020b465f3b107c9632e6a1d1705f17834c89dcadc0", size = 66945, upload-time = "2024-10-29T20:13:35.363Z" }
wheels = [
    { url = "https://files.pythonhosted.org/packages/36/3b/48e79f2cd6a61dbbd4807b4ed46cb564b4fd50a76166b1c4ea5c1d9e2371/pytest_cov-6.0.0-py3-none-any.whl", hash = "sha256:eee6f1b9e61008bd34975a4d5bab25801eb31898b032dd55addc93e96fcaaa35", size = 22949, upload-time = "2024-10-29T20:13:33.215Z" },
]

[[package]]
name = "python-dotenv"
version = "1.1.1"
source = { registry = "https://pypi.org/simple" }
sdist = { url = "https://files.pythonhosted.org/packages/f6/b0/4bc07ccd3572a2f9df7e6782f52b0c6c90dcbb803ac4a167702d7d0dfe1e/python_dotenv-1.1.1.tar.gz", hash = "sha256:a8a6399716257f45be6a007360200409fce5cda2661e3dec71d23dc15f6189ab", size = 41978, upload-time = "2025-06-24T04:21:07.341Z" }
wheels = [
    { url = "https://files.pythonhosted.org/packages/5f/ed/539768cf28c661b5b068d66d96a2f155c4971a5d55684a514c1a0e0dec2f/python_dotenv-1.1.1-py3-none-any.whl", hash = "sha256:31f23644fe2602f88ff55e1f5c79ba497e01224ee7737937930c448e4d0e24dc", size = 20556, upload-time = "2025-06-24T04:21:06.073Z" },
]

[[package]]
name = "ruff"
version = "0.11.0"
source = { registry = "https://pypi.org/simple" }
sdist = { url = "https://files.pythonhosted.org/packages/77/2b/7ca27e854d92df5e681e6527dc0f9254c9dc06c8408317893cf96c851cdd/ruff-0.11.0.tar.gz", hash = "sha256:e55c620690a4a7ee6f1cccb256ec2157dc597d109400ae75bbf944fc9d6462e2", size = 3799407, upload-time = "2025-03-14T13:52:36.539Z" }
wheels = [
    { url = "https://files.pythonhosted.org/packages/48/40/3d0340a9e5edc77d37852c0cd98c5985a5a8081fc3befaeb2ae90aaafd2b/ruff-0.11.0-py3-none-linux_armv6l.whl", hash = "sha256:dc67e32bc3b29557513eb7eeabb23efdb25753684b913bebb8a0c62495095acb", size = 10098158, upload-time = "2025-03-14T13:51:55.69Z" },
    { url = "https://files.pythonhosted.org/packages/ec/a9/d8f5abb3b87b973b007649ac7bf63665a05b2ae2b2af39217b09f52abbbf/ruff-0.11.0-py3-none-macosx_10_12_x86_64.whl", hash = "sha256:38c23fd9bdec4eb437b4c1e3595905a0a8edfccd63a790f818b28c78fe345639", size = 10879071, upload-time = "2025-03-14T13:51:58.989Z" },
    { url = "https://files.pythonhosted.org/packages/ab/62/aaa198614c6211677913ec480415c5e6509586d7b796356cec73a2f8a3e6/ruff-0.11.0-py3-none-macosx_11_0_arm64.whl", hash = "sha256:7c8661b0be91a38bd56db593e9331beaf9064a79028adee2d5f392674bbc5e88", size = 10247944, upload-time = "2025-03-14T13:52:02.318Z" },
    { url = "https://files.pythonhosted.org/packages/9f/52/59e0a9f2cf1ce5e6cbe336b6dd0144725c8ea3b97cac60688f4e7880bf13/ruff-0.11.0-py3-none-manylinux_2_17_aarch64.manylinux2014_aarch64.whl", hash = "sha256:b6c0e8d3d2db7e9f6efd884f44b8dc542d5b6b590fc4bb334fdbc624d93a29a2", size = 10421725, upload-time = "2025-03-14T13:52:04.303Z" },
    { url = "https://files.pythonhosted.org/packages/a6/c3/dcd71acc6dff72ce66d13f4be5bca1dbed4db678dff2f0f6f307b04e5c02/ruff-0.11.0-py3-none-manylinux_2_17_armv7l.manylinux2014_armv7l.whl", hash = "sha256:3c3156d3f4b42e57247275a0a7e15a851c165a4fc89c5e8fa30ea6da4f7407b8", size = 9954435, upload-time = "2025-03-14T13:52:06.602Z" },
    { url = "https://files.pythonhosted.org/packages/a6/9a/342d336c7c52dbd136dee97d4c7797e66c3f92df804f8f3b30da59b92e9c/ruff-0.11.0-py3-none-manylinux_2_17_i686.manylinux2014_i686.whl", hash = "sha256:490b1e147c1260545f6d041c4092483e3f6d8eba81dc2875eaebcf9140b53905", size = 11492664, upload-time = "2025-03-14T13:52:08.613Z" },
    { url = "https://files.pythonhosted.org/packages/84/35/6e7defd2d7ca95cc385ac1bd9f7f2e4a61b9cc35d60a263aebc8e590c462/ruff-0.11.0-py3-none-manylinux_2_17_ppc64.manylinux2014_ppc64.whl", hash = "sha256:1bc09a7419e09662983b1312f6fa5dab829d6ab5d11f18c3760be7ca521c9329", size = 12207856, upload-time = "2025-03-14T13:52:11.019Z" },
    { url = "https://files.pythonhosted.org/packages/22/78/da669c8731bacf40001c880ada6d31bcfb81f89cc996230c3b80d319993e/ruff-0.11.0-py3-none-manylinux_2_17_ppc64le.manylinux2014_ppc64le.whl", hash = "sha256:bcfa478daf61ac8002214eb2ca5f3e9365048506a9d52b11bea3ecea822bb844", size = 11645156, upload-time = "2025-03-14T13:52:13.383Z" },
    { url = "https://files.pythonhosted.org/packages/ee/47/e27d17d83530a208f4a9ab2e94f758574a04c51e492aa58f91a3ed7cbbcb/ruff-0.11.0-py3-none-manylinux_2_17_s390x.manylinux2014_s390x.whl", hash = "sha256:6fbb2aed66fe742a6a3a0075ed467a459b7cedc5ae01008340075909d819df1e", size = 13884167, upload-time = "2025-03-14T13:52:15.528Z" },
    { url = "https://files.pythonhosted.org/packages/9f/5e/42ffbb0a5d4b07bbc642b7d58357b4e19a0f4774275ca6ca7d1f7b5452cd/ruff-0.11.0-py3-none-manylinux_2_17_x86_64.manylinux2014_x86_64.whl", hash = "sha256:92c0c1ff014351c0b0cdfdb1e35fa83b780f1e065667167bb9502d47ca41e6db", size = 11348311, upload-time = "2025-03-14T13:52:18.088Z" },
    { url = "https://files.pythonhosted.org/packages/c8/51/dc3ce0c5ce1a586727a3444a32f98b83ba99599bb1ebca29d9302886e87f/ruff-0.11.0-py3-none-musllinux_1_2_aarch64.whl", hash = "sha256:e4fd5ff5de5f83e0458a138e8a869c7c5e907541aec32b707f57cf9a5e124445", size = 10305039, upload-time = "2025-03-14T13:52:20.476Z" },
    { url = "https://files.pythonhosted.org/packages/60/e0/475f0c2f26280f46f2d6d1df1ba96b3399e0234cf368cc4c88e6ad10dcd9/ruff-0.11.0-py3-none-musllinux_1_2_armv7l.whl", hash = "sha256:96bc89a5c5fd21a04939773f9e0e276308be0935de06845110f43fd5c2e4ead7", size = 9937939, upload-time = "2025-03-14T13:52:22.798Z" },
    { url = "https://files.pythonhosted.org/packages/e2/d3/3e61b7fd3e9cdd1e5b8c7ac188bec12975c824e51c5cd3d64caf81b0331e/ruff-0.11.0-py3-none-musllinux_1_2_i686.whl", hash = "sha256:a9352b9d767889ec5df1483f94870564e8102d4d7e99da52ebf564b882cdc2c7", size = 10923259, upload-time = "2025-03-14T13:52:24.89Z" },
    { url = "https://files.pythonhosted.org/packages/30/32/cd74149ebb40b62ddd14bd2d1842149aeb7f74191fb0f49bd45c76909ff2/ruff-0.11.0-py3-none-musllinux_1_2_x86_64.whl", hash = "sha256:049a191969a10897fe052ef9cc7491b3ef6de79acd7790af7d7897b7a9bfbcb6", size = 11406212, upload-time = "2025-03-14T13:52:27.493Z" },
    { url = "https://files.pythonhosted.org/packages/00/ef/033022a6b104be32e899b00de704d7c6d1723a54d4c9e09d147368f14b62/ruff-0.11.0-py3-none-win32.whl", hash = "sha256:3191e9116b6b5bbe187447656f0c8526f0d36b6fd89ad78ccaad6bdc2fad7df2", size = 10310905, upload-time = "2025-03-14T13:52:30.46Z" },
    { url = "https://files.pythonhosted.org/packages/ed/8a/163f2e78c37757d035bd56cd60c8d96312904ca4a6deeab8442d7b3cbf89/ruff-0.11.0-py3-none-win_amd64.whl", hash = "sha256:c58bfa00e740ca0a6c43d41fb004cd22d165302f360aaa56f7126d544db31a21", size = 11411730, upload-time = "2025-03-14T13:52:32.508Z" },
    { url = "https://files.pythonhosted.org/packages/4e/f7/096f6efabe69b49d7ca61052fc70289c05d8d35735c137ef5ba5ef423662/ruff-0.11.0-py3-none-win_arm64.whl", hash = "sha256:868364fc23f5aa122b00c6f794211e85f7e78f5dffdf7c590ab90b8c4e69b657", size = 10538956, upload-time = "2025-03-14T13:52:34.491Z" },
]

[[package]]
name = "typing-extensions"
version = "4.14.1"
source = { registry = "https://pypi.org/simple" }
sdist = { url = "https://files.pythonhosted.org/packages/98/5a/da40306b885cc8c09109dc2e1abd358d5684b1425678151cdaed4731c822/typing_extensions-4.14.1.tar.gz", hash = "sha256:38b39f4aeeab64884ce9f74c94263ef78f3c22467c8724005483154c26648d36", size = 107673, upload-time = "2025-07-04T13:28:34.16Z" }
wheels = [
    { url = "https://files.pythonhosted.org/packages/b5/00/d631e67a838026495268c2f6884f3711a15a9a2a96cd244fdaea53b823fb/typing_extensions-4.14.1-py3-none-any.whl", hash = "sha256:d1e1e3b58374dc93031d6eda2420a48ea44a36c2b4766a4fdeb3710755731d76", size = 43906, upload-time = "2025-07-04T13:28:32.743Z" },
]

[[package]]
name = "typing-inspection"
version = "0.4.1"
source = { registry = "https://pypi.org/simple" }
dependencies = [
    { name = "typing-extensions" },
]
sdist = { url = "https://files.pythonhosted.org/packages/f8/b1/0c11f5058406b3af7609f121aaa6b609744687f1d158b3c3a5bf4cc94238/typing_inspection-0.4.1.tar.gz", hash = "sha256:6ae134cc0203c33377d43188d4064e9b357dba58cff3185f22924610e70a9d28", size = 75726, upload-time = "2025-05-21T18:55:23.885Z" }
wheels = [
    { url = "https://files.pythonhosted.org/packages/17/69/cd203477f944c353c31bade965f880aa1061fd6bf05ded0726ca845b6ff7/typing_inspection-0.4.1-py3-none-any.whl", hash = "sha256:389055682238f53b04f7badcb49b989835495a96700ced5dab2d8feae4b26f51", size = 14552, upload-time = "2025-05-21T18:55:22.152Z" },
]
